// !$*UTF8*$!
{
	archiveVersion = 1;
	classes = {
	};
	objectVersion = 50;
	objects = {

/* Begin PBXBuildFile section */
		5215493738050E19E847C94C /* libPods-YoutubePlayerDemo.a in Frameworks */ = {isa = PBXBuildFile; fileRef = 3D811DC2B10D976AE73CDCD6 /* libPods-YoutubePlayerDemo.a */; };
		9FA4137921F05B52001CBD30 /* AppDelegate.swift in Sources */ = {isa = PBXBuildFile; fileRef = 9FA4137821F05B52001CBD30 /* AppDelegate.swift */; };
		9FA4137B21F05B52001CBD30 /* ViewController.swift in Sources */ = {isa = PBXBuildFile; fileRef = 9FA4137A21F05B52001CBD30 /* ViewController.swift */; };
		9FA4137E21F05B52001CBD30 /* Main.storyboard in Resources */ = {isa = PBXBuildFile; fileRef = 9FA4137C21F05B52001CBD30 /* Main.storyboard */; };
		9FA4138021F05B53001CBD30 /* Assets.xcassets in Resources */ = {isa = PBXBuildFile; fileRef = 9FA4137F21F05B53001CBD30 /* Assets.xcassets */; };
		9FA4138321F05B53001CBD30 /* LaunchScreen.storyboard in Resources */ = {isa = PBXBuildFile; fileRef = 9FA4138121F05B53001CBD30 /* LaunchScreen.storyboard */; };
/* End PBXBuildFile section */

/* Begin PBXFileReference section */
		1AD72F45F94A1660949FA503 /* Pods-YoutubePlayerDemo.debug.xcconfig */ = {isa = PBXFileReference; includeInIndex = 1; lastKnownFileType = text.xcconfig; name = "Pods-YoutubePlayerDemo.debug.xcconfig"; path = "Pods/Target Support Files/Pods-YoutubePlayerDemo/Pods-YoutubePlayerDemo.debug.xcconfig"; sourceTree = "<group>"; };
		33E7CA3BD481FB8392FB01D5 /* Pods-YoutubePlayerDemo.release.xcconfig */ = {isa = PBXFileReference; includeInIndex = 1; lastKnownFileType = text.xcconfig; name = "Pods-YoutubePlayerDemo.release.xcconfig"; path = "Pods/Target Support Files/Pods-YoutubePlayerDemo/Pods-YoutubePlayerDemo.release.xcconfig"; sourceTree = "<group>"; };
		3D811DC2B10D976AE73CDCD6 /* libPods-YoutubePlayerDemo.a */ = {isa = PBXFileReference; explicitFileType = archive.ar; includeInIndex = 0; path = "libPods-YoutubePlayerDemo.a"; sourceTree = BUILT_PRODUCTS_DIR; };
		9FA4137521F05B52001CBD30 /* YoutubePlayerDemo.app */ = {isa = PBXFileReference; explicitFileType = wrapper.application; includeInIndex = 0; path = YoutubePlayerDemo.app; sourceTree = BUILT_PRODUCTS_DIR; };
		9FA4137821F05B52001CBD30 /* AppDelegate.swift */ = {isa = PBXFileReference; lastKnownFileType = sourcecode.swift; path = AppDelegate.swift; sourceTree = "<group>"; };
		9FA4137A21F05B52001CBD30 /* ViewController.swift */ = {isa = PBXFileReference; lastKnownFileType = sourcecode.swift; path = ViewController.swift; sourceTree = "<group>"; };
		9FA4137D21F05B52001CBD30 /* Base */ = {isa = PBXFileReference; lastKnownFileType = file.storyboard; name = Base; path = Base.lproj/Main.storyboard; sourceTree = "<group>"; };
		9FA4137F21F05B53001CBD30 /* Assets.xcassets */ = {isa = PBXFileReference; lastKnownFileType = folder.assetcatalog; path = Assets.xcassets; sourceTree = "<group>"; };
		9FA4138221F05B53001CBD30 /* Base */ = {isa = PBXFileReference; lastKnownFileType = file.storyboard; name = Base; path = Base.lproj/LaunchScreen.storyboard; sourceTree = "<group>"; };
		9FA4138421F05B53001CBD30 /* Info.plist */ = {isa = PBXFileReference; lastKnownFileType = text.plist.xml; path = Info.plist; sourceTree = "<group>"; };
/* End PBXFileReference section */

/* Begin PBXFrameworksBuildPhase section */
		9FA4137221F05B52001CBD30 /* Frameworks */ = {
			isa = PBXFrameworksBuildPhase;
			buildActionMask = 2147483647;
			files = (
				5215493738050E19E847C94C /* libPods-YoutubePlayerDemo.a in Frameworks */,
			);
			runOnlyForDeploymentPostprocessing = 0;
		};
/* End PBXFrameworksBuildPhase section */

/* Begin PBXGroup section */
		7D797D9423BBAD5060D7D340 /* Frameworks */ = {
			isa = PBXGroup;
			children = (
				3D811DC2B10D976AE73CDCD6 /* libPods-YoutubePlayerDemo.a */,
			);
			name = Frameworks;
			sourceTree = "<group>";
		};
		9FA4136C21F05B52001CBD30 = {
			isa = PBXGroup;
			children = (
				9FA4137721F05B52001CBD30 /* YoutubePlayerDemo */,
				9FA4137621F05B52001CBD30 /* Products */,
				EA1AA9B3138B8E91E18F7968 /* Pods */,
				7D797D9423BBAD5060D7D340 /* Frameworks */,
			);
			sourceTree = "<group>";
		};
		9FA4137621F05B52001CBD30 /* Products */ = {
			isa = PBXGroup;
			children = (
				9FA4137521F05B52001CBD30 /* YoutubePlayerDemo.app */,
			);
			name = Products;
			sourceTree = "<group>";
		};
		9FA4137721F05B52001CBD30 /* YoutubePlayerDemo */ = {
			isa = PBXGroup;
			children = (
				9FA4137821F05B52001CBD30 /* AppDelegate.swift */,
				9FA4137A21F05B52001CBD30 /* ViewController.swift */,
				9FA4137C21F05B52001CBD30 /* Main.storyboard */,
				9FA4137F21F05B53001CBD30 /* Assets.xcassets */,
				9FA4138121F05B53001CBD30 /* LaunchScreen.storyboard */,
				9FA4138421F05B53001CBD30 /* Info.plist */,
			);
			path = YoutubePlayerDemo;
			sourceTree = "<group>";
		};
		EA1AA9B3138B8E91E18F7968 /* Pods */ = {
			isa = PBXGroup;
			children = (
				1AD72F45F94A1660949FA503 /* Pods-YoutubePlayerDemo.debug.xcconfig */,
				33E7CA3BD481FB8392FB01D5 /* Pods-YoutubePlayerDemo.release.xcconfig */,
			);
			name = Pods;
			sourceTree = "<group>";
		};
/* End PBXGroup section */

/* Begin PBXNativeTarget section */
		9FA4137421F05B52001CBD30 /* YoutubePlayerDemo */ = {
			isa = PBXNativeTarget;
			buildConfigurationList = 9FA4138721F05B53001CBD30 /* Build configuration list for PBXNativeTarget "YoutubePlayerDemo" */;
			buildPhases = (
				94FAA1076060438632D4B099 /* [CP] Check Pods Manifest.lock */,
				9FA4137121F05B52001CBD30 /* Sources */,
				9FA4137221F05B52001CBD30 /* Frameworks */,
				9FA4137321F05B52001CBD30 /* Resources */,
				1383D410B9B2710ADC0840FE /* [CP] Copy Pods Resources */,
			);
			buildRules = (
			);
			dependencies = (
			);
			name = YoutubePlayerDemo;
			productName = YoutubePlayerDemo;
			productReference = 9FA4137521F05B52001CBD30 /* YoutubePlayerDemo.app */;
			productType = "com.apple.product-type.application";
		};
/* End PBXNativeTarget section */

/* Begin PBXProject section */
		9FA4136D21F05B52001CBD30 /* Project object */ = {
			isa = PBXProject;
			attributes = {
				LastSwiftUpdateCheck = 1010;
				LastUpgradeCheck = 1010;
				ORGANIZATIONNAME = Nickelfox;
				TargetAttributes = {
					9FA4137421F05B52001CBD30 = {
						CreatedOnToolsVersion = 10.1;
					};
				};
			};
			buildConfigurationList = 9FA4137021F05B52001CBD30 /* Build configuration list for PBXProject "YoutubePlayerDemo" */;
			compatibilityVersion = "Xcode 9.3";
			developmentRegion = en;
			hasScannedForEncodings = 0;
			knownRegions = (
				en,
				Base,
			);
			mainGroup = 9FA4136C21F05B52001CBD30;
			productRefGroup = 9FA4137621F05B52001CBD30 /* Products */;
			projectDirPath = "";
			projectRoot = "";
			targets = (
				9FA4137421F05B52001CBD30 /* YoutubePlayerDemo */,
			);
		};
/* End PBXProject section */

/* Begin PBXResourcesBuildPhase section */
		9FA4137321F05B52001CBD30 /* Resources */ = {
			isa = PBXResourcesBuildPhase;
			buildActionMask = 2147483647;
			files = (
				9FA4138321F05B53001CBD30 /* LaunchScreen.storyboard in Resources */,
				9FA4138021F05B53001CBD30 /* Assets.xcassets in Resources */,
				9FA4137E21F05B52001CBD30 /* Main.storyboard in Resources */,
			);
			runOnlyForDeploymentPostprocessing = 0;
		};
/* End PBXResourcesBuildPhase section */

/* Begin PBXShellScriptBuildPhase section */
		1383D410B9B2710ADC0840FE /* [CP] Copy Pods Resources */ = {
			isa = PBXShellScriptBuildPhase;
			buildActionMask = 2147483647;
			files = (
			);
			inputFileListPaths = (
			);
			inputPaths = (
				"${SRCROOT}/Pods/Target Support Files/Pods-YoutubePlayerDemo/Pods-YoutubePlayerDemo-resources.sh",
				"${PODS_ROOT}/youtube-ios-player-helper/youtube-ios-player-helper/Assets.bundle",
			);
			name = "[CP] Copy Pods Resources";
			outputFileListPaths = (
			);
			outputPaths = (
				"${TARGET_BUILD_DIR}/${UNLOCALIZED_RESOURCES_FOLDER_PATH}/Assets.bundle",
			);
			runOnlyForDeploymentPostprocessing = 0;
			shellPath = /bin/sh;
			shellScript = "\"${SRCROOT}/Pods/Target Support Files/Pods-YoutubePlayerDemo/Pods-YoutubePlayerDemo-resources.sh\"\n";
			showEnvVarsInLog = 0;
		};
		94FAA1076060438632D4B099 /* [CP] Check Pods Manifest.lock */ = {
			isa = PBXShellScriptBuildPhase;
			buildActionMask = 2147483647;
			files = (
			);
			inputFileListPaths = (
			);
			inputPaths = (
				"${PODS_PODFILE_DIR_PATH}/Podfile.lock",
				"${PODS_ROOT}/Manifest.lock",
			);
			name = "[CP] Check Pods Manifest.lock";
			outputFileListPaths = (
			);
			outputPaths = (
				"$(DERIVED_FILE_DIR)/Pods-YoutubePlayerDemo-checkManifestLockResult.txt",
			);
			runOnlyForDeploymentPostprocessing = 0;
			shellPath = /bin/sh;
			shellScript = "diff \"${PODS_PODFILE_DIR_PATH}/Podfile.lock\" \"${PODS_ROOT}/Manifest.lock\" > /dev/null\nif [ $? != 0 ] ; then\n    # print error to STDERR\n    echo \"error: The sandbox is not in sync with the Podfile.lock. Run 'pod install' or update your CocoaPods installation.\" >&2\n    exit 1\nfi\n# This output is used by Xcode 'outputs' to avoid re-running this script phase.\necho \"SUCCESS\" > \"${SCRIPT_OUTPUT_FILE_0}\"\n";
			showEnvVarsInLog = 0;
		};
/* End PBXShellScriptBuildPhase section */

/* Begin PBXSourcesBuildPhase section */
		9FA4137121F05B52001CBD30 /* Sources */ = {
			isa = PBXSourcesBuildPhase;
			buildActionMask = 2147483647;
			files = (
				9FA4137B21F05B52001CBD30 /* ViewController.swift in Sources */,
				9FA4137921F05B52001CBD30 /* AppDelegate.swift in Sources */,
			);
			runOnlyForDeploymentPostprocessing = 0;
		};
/* End PBXSourcesBuildPhase section */

/* Begin PBXVariantGroup section */
		9FA4137C21F05B52001CBD30 /* Main.storyboard */ = {
			isa = PBXVariantGroup;
			children = (
				9FA4137D21F05B52001CBD30 /* Base */,
			);
			name = Main.storyboard;
			sourceTree = "<group>";
		};
		9FA4138121F05B53001CBD30 /* LaunchScreen.storyboard */ = {
			isa = PBXVariantGroup;
			children = (
				9FA4138221F05B53001CBD30 /* Base */,
			);
			name = LaunchScreen.storyboard;
			sourceTree = "<group>";
		};
/* End PBXVariantGroup section */

/* Begin XCBuildConfiguration section */
		9FA4138521F05B53001CBD30 /* Debug */ = {
			isa = XCBuildConfiguration;
			buildSettings = {
				ALWAYS_SEARCH_USER_PATHS = NO;
				CLANG_ANALYZER_NONNULL = YES;
				CLANG_ANALYZER_NUMBER_OBJECT_CONVERSION = YES_AGGRESSIVE;
				CLANG_CXX_LANGUAGE_STANDARD = "gnu++14";
				CLANG_CXX_LIBRARY = "libc++";
				CLANG_ENABLE_MODULES = YES;
				CLANG_ENABLE_OBJC_ARC = YES;
				CLANG_ENABLE_OBJC_WEAK = YES;
				CLANG_WARN_BLOCK_CAPTURE_AUTORELEASING = YES;
				CLANG_WARN_BOOL_CONVERSION = YES;
				CLANG_WARN_COMMA = YES;
				CLANG_WARN_CONSTANT_CONVERSION = YES;
				CLANG_WARN_DEPRECATED_OBJC_IMPLEMENTATIONS = YES;
				CLANG_WARN_DIRECT_OBJC_ISA_USAGE = YES_ERROR;
				CLANG_WARN_DOCUMENTATION_COMMENTS = YES;
				CLANG_WARN_EMPTY_BODY = YES;
				CLANG_WARN_ENUM_CONVERSION = YES;
				CLANG_WARN_INFINITE_RECURSION = YES;
				CLANG_WARN_INT_CONVERSION = YES;
				CLANG_WARN_NON_LITERAL_NULL_CONVERSION = YES;
				CLANG_WARN_OBJC_IMPLICIT_RETAIN_SELF = YES;
				CLANG_WARN_OBJC_LITERAL_CONVERSION = YES;
				CLANG_WARN_OBJC_ROOT_CLASS = YES_ERROR;
				CLANG_WARN_RANGE_LOOP_ANALYSIS = YES;
				CLANG_WARN_STRICT_PROTOTYPES = YES;
				CLANG_WARN_SUSPICIOUS_MOVE = YES;
				CLANG_WARN_UNGUARDED_AVAILABILITY = YES_AGGRESSIVE;
				CLANG_WARN_UNREACHABLE_CODE = YES;
				CLANG_WARN__DUPLICATE_METHOD_MATCH = YES;
				CODE_SIGN_IDENTITY = "iPhone Developer";
				COPY_PHASE_STRIP = NO;
				DEBUG_INFORMATION_FORMAT = dwarf;
				ENABLE_STRICT_OBJC_MSGSEND = YES;
				ENABLE_TESTABILITY = YES;
				GCC_C_LANGUAGE_STANDARD = gnu11;
				GCC_DYNAMIC_NO_PIC = NO;
				GCC_NO_COMMON_BLOCKS = YES;
				GCC_OPTIMIZATION_LEVEL = 0;
				GCC_PREPROCESSOR_DEFINITIONS = (
					"DEBUG=1",
					"$(inherited)",
				);
				GCC_WARN_64_TO_32_BIT_CONVERSION = YES;
				GCC_WARN_ABOUT_RETURN_TYPE = YES_ERROR;
				GCC_WARN_UNDECLARED_SELECTOR = YES;
				GCC_WARN_UNINITIALIZED_AUTOS = YES_AGGRESSIVE;
				GCC_WARN_UNUSED_FUNCTION = YES;
				GCC_WARN_UNUSED_VARIABLE = YES;
				IPHONEOS_DEPLOYMENT_TARGET = 12.1;
				MTL_ENABLE_DEBUG_INFO = INCLUDE_SOURCE;
				MTL_FAST_MATH = YES;
				ONLY_ACTIVE_ARCH = YES;
				SDKROOT = iphoneos;
				SWIFT_ACTIVE_COMPILATION_CONDITIONS = DEBUG;
				SWIFT_OPTIMIZATION_LEVEL = "-Onone";
			};
			name = Debug;
		};
		9FA4138621F05B53001CBD30 /* Release */ = {
			isa = XCBuildConfiguration;
			buildSettings = {
				ALWAYS_SEARCH_USER_PATHS = NO;
				CLANG_ANALYZER_NONNULL = YES;
				CLANG_ANALYZER_NUMBER_OBJECT_CONVERSION = YES_AGGRESSIVE;
				CLANG_CXX_LANGUAGE_STANDARD = "gnu++14";
				CLANG_CXX_LIBRARY = "libc++";
				CLANG_ENABLE_MODULES = YES;
				CLANG_ENABLE_OBJC_ARC = YES;
				CLANG_ENABLE_OBJC_WEAK = YES;
				CLANG_WARN_BLOCK_CAPTURE_AUTORELEASING = YES;
				CLANG_WARN_BOOL_CONVERSION = YES;
				CLANG_WARN_COMMA = YES;
				CLANG_WARN_CONSTANT_CONVERSION = YES;
				CLANG_WARN_DEPRECATED_OBJC_IMPLEMENTATIONS = YES;
				CLANG_WARN_DIRECT_OBJC_ISA_USAGE = YES_ERROR;
				CLANG_WARN_DOCUMENTATION_COMMENTS = YES;
				CLANG_WARN_EMPTY_BODY = YES;
				CLANG_WARN_ENUM_CONVERSION = YES;
				CLANG_WARN_INFINITE_RECURSION = YES;
				CLANG_WARN_INT_CONVERSION = YES;
				CLANG_WARN_NON_LITERAL_NULL_CONVERSION = YES;
				CLANG_WARN_OBJC_IMPLICIT_RETAIN_SELF = YES;
				CLANG_WARN_OBJC_LITERAL_CONVERSION = YES;
				CLANG_WARN_OBJC_ROOT_CLASS = YES_ERROR;
				CLANG_WARN_RANGE_LOOP_ANALYSIS = YES;
				CLANG_WARN_STRICT_PROTOTYPES = YES;
				CLANG_WARN_SUSPICIOUS_MOVE = YES;
				CLANG_WARN_UNGUARDED_AVAILABILITY = YES_AGGRESSIVE;
				CLANG_WARN_UNREACHABLE_CODE = YES;
				CLANG_WARN__DUPLICATE_METHOD_MATCH = YES;
				CODE_SIGN_IDENTITY = "iPhone Developer";
				COPY_PHASE_STRIP = NO;
				DEBUG_INFORMATION_FORMAT = "dwarf-with-dsym";
				ENABLE_NS_ASSERTIONS = NO;
				ENABLE_STRICT_OBJC_MSGSEND = YES;
				GCC_C_LANGUAGE_STANDARD = gnu11;
				GCC_NO_COMMON_BLOCKS = YES;
				GCC_WARN_64_TO_32_BIT_CONVERSION = YES;
				GCC_WARN_ABOUT_RETURN_TYPE = YES_ERROR;
				GCC_WARN_UNDECLARED_SELECTOR = YES;
				GCC_WARN_UNINITIALIZED_AUTOS = YES_AGGRESSIVE;
				GCC_WARN_UNUSED_FUNCTION = YES;
				GCC_WARN_UNUSED_VARIABLE = YES;
				IPHONEOS_DEPLOYMENT_TARGET = 12.1;
				MTL_ENABLE_DEBUG_INFO = NO;
				MTL_FAST_MATH = YES;
				SDKROOT = iphoneos;
				SWIFT_COMPILATION_MODE = wholemodule;
				SWIFT_OPTIMIZATION_LEVEL = "-O";
				VALIDATE_PRODUCT = YES;
			};
			name = Release;
		};
		9FA4138821F05B53001CBD30 /* Debug */ = {
			isa = XCBuildConfiguration;
			baseConfigurationReference = 1AD72F45F94A1660949FA503 /* Pods-YoutubePlayerDemo.debug.xcconfig */;
			buildSettings = {
				ASSETCATALOG_COMPILER_APPICON_NAME = AppIcon;
				CODE_SIGN_STYLE = Automatic;
				DEVELOPMENT_TEAM = NY45473NT8;
				INFOPLIST_FILE = YoutubePlayerDemo/Info.plist;
				LD_RUNPATH_SEARCH_PATHS = (
					"$(inherited)",
					"@executable_path/Frameworks",
				);
				PRODUCT_BUNDLE_IDENTIFIER = com.nickelfox.testpush.YoutubePlayerDemo;
				PRODUCT_NAME = "$(TARGET_NAME)";
				SWIFT_VERSION = 4.2;
				TARGETED_DEVICE_FAMILY = "1,2";
			};
			name = Debug;
		};
		9FA4138921F05B53001CBD30 /* Release */ = {
			isa = XCBuildConfiguration;
			baseConfigurationReference = 33E7CA3BD481FB8392FB01D5 /* Pods-YoutubePlayerDemo.release.xcconfig */;
			buildSettings = {
				ASSETCATALOG_COMPILER_APPICON_NAME = AppIcon;
				CODE_SIGN_STYLE = Automatic;
				DEVELOPMENT_TEAM = NY45473NT8;
				INFOPLIST_FILE = YoutubePlayerDemo/Info.plist;
				LD_RUNPATH_SEARCH_PATHS = (
					"$(inherited)",
					"@executable_path/Frameworks",
				);
				PRODUCT_BUNDLE_IDENTIFIER = com.nickelfox.testpush.YoutubePlayerDemo;
				PRODUCT_NAME = "$(TARGET_NAME)";
				SWIFT_VERSION = 4.2;
				TARGETED_DEVICE_FAMILY = "1,2";
			};
			name = Release;
		};
/* End XCBuildConfiguration section */

/* Begin XCConfigurationList section */
		9FA4137021F05B52001CBD30 /* Build configuration list for PBXProject "YoutubePlayerDemo" */ = {
			isa = XCConfigurationList;
			buildConfigurations = (
				9FA4138521F05B53001CBD30 /* Debug */,
				9FA4138621F05B53001CBD30 /* Release */,
			);
			defaultConfigurationIsVisible = 0;
			defaultConfigurationName = Release;
		};
		9FA4138721F05B53001CBD30 /* Build configuration list for PBXNativeTarget "YoutubePlayerDemo" */ = {
			isa = XCConfigurationList;
			buildConfigurations = (
				9FA4138821F05B53001CBD30 /* Debug */,
				9FA4138921F05B53001CBD30 /* Release */,
			);
			defaultConfigurationIsVisible = 0;
			defaultConfigurationName = Release;
		};
/* End XCConfigurationList section */
	};
	rootObject = 9FA4136D21F05B52001CBD30 /* Project object */;
}
